
Microsoft Visual Studio Solution File, Format Version 12.00
# Visual Studio Version 16
VisualStudioVersion = 16.0.33130.400
MinimumVisualStudioVersion = 10.0.40219.1
Project("{FAE04EC0-301F-11D3-BF4B-00C04F79EFBC}") = "RockPaperScissors", "RockPaperScissors\RockPaperScissors.csproj", "{5F961DFA-F659-4392-B3EB-4D16964CB8B6}"
EndProject
Global
	GlobalSection(SolutionConfigurationPlatforms) = preSolution
		Debug|Any CPU = Debug|Any CPU
		Release|Any CPU = Release|Any CPU
	EndGlobalSection
	GlobalSection(ProjectConfigurationPlatforms) = postSolution
		{5F961DFA-F659-4392-B3EB-4D16964CB8B6}.Debug|Any CPU.ActiveCfg = Debug|Any CPU
		{5F961DFA-F659-4392-B3EB-4D16964CB8B6}.Debug|Any CPU.Build.0 = Debug|Any CPU
		{5F961DFA-F659-4392-B3EB-4D16964CB8B6}.Release|Any CPU.ActiveCfg = Release|Any CPU
		{5F961DFA-F659-4392-B3EB-4D16964CB8B6}.Release|Any CPU.Build.0 = Release|Any CPU
	EndGlobalSection
	GlobalSection(SolutionProperties) = preSolution
		HideSolutionNode = FALSE
	EndGlobalSection
	GlobalSection(ExtensibilityGlobals) = postSolution
		SolutionGuid = {7240B139-6304-49DA-B99B-1E0BF7600E4F}
	EndGlobalSection
EndGlobal
